
Microsoft Visual Studio Solution File, Format Version 12.00
# Visual Studio Version 16
VisualStudioVersion = 16.0.29926.136
MinimumVisualStudioVersion = 10.0.40219.1
Project("{FAE04EC0-301F-11D3-BF4B-00C04F79EFBC}") = "TEST", "TEST\TEST.csproj", "{37A5DA6E-68F7-439B-940E-7747DF0098CF}"
EndProject
Global
	GlobalSection(SolutionConfigurationPlatforms) = preSolution
		Debug|Any CPU = Debug|Any CPU
		Release|Any CPU = Release|Any CPU
	EndGlobalSection
	GlobalSection(ProjectConfigurationPlatforms) = postSolution
		{37A5DA6E-68F7-439B-940E-7747DF0098CF}.Debug|Any CPU.ActiveCfg = Debug|Any CPU
		{37A5DA6E-68F7-439B-940E-7747DF0098CF}.Debug|Any CPU.Build.0 = Debug|Any CPU
		{37A5DA6E-68F7-439B-940E-7747DF0098CF}.Release|Any CPU.ActiveCfg = Release|Any CPU
		{37A5DA6E-68F7-439B-940E-7747DF0098CF}.Release|Any CPU.Build.0 = Release|Any CPU
	EndGlobalSection
	GlobalSection(SolutionProperties) = preSolution
		HideSolutionNode = FALSE
	EndGlobalSection
	GlobalSection(ExtensibilityGlobals) = postSolution
		SolutionGuid = {61F487CA-BFF3-439E-AC15-ED734AF60073}
	EndGlobalSection
EndGlobal
