
Microsoft Visual Studio Solution File, Format Version 12.00
# Visual Studio Version 16
VisualStudioVersion = 16.0.29926.136
MinimumVisualStudioVersion = 10.0.40219.1
Project("{FAE04EC0-301F-11D3-BF4B-00C04F79EFBC}") = "Pizzeria 1.1", "Pizzeria 1.1\Pizzeria 1.1.csproj", "{92F1CE8D-1BEB-4C4B-AB62-99B4218F2B99}"
EndProject
Global
	GlobalSection(SolutionConfigurationPlatforms) = preSolution
		Debug|Any CPU = Debug|Any CPU
		Release|Any CPU = Release|Any CPU
	EndGlobalSection
	GlobalSection(ProjectConfigurationPlatforms) = postSolution
		{92F1CE8D-1BEB-4C4B-AB62-99B4218F2B99}.Debug|Any CPU.ActiveCfg = Debug|Any CPU
		{92F1CE8D-1BEB-4C4B-AB62-99B4218F2B99}.Debug|Any CPU.Build.0 = Debug|Any CPU
		{92F1CE8D-1BEB-4C4B-AB62-99B4218F2B99}.Release|Any CPU.ActiveCfg = Release|Any CPU
		{92F1CE8D-1BEB-4C4B-AB62-99B4218F2B99}.Release|Any CPU.Build.0 = Release|Any CPU
	EndGlobalSection
	GlobalSection(SolutionProperties) = preSolution
		HideSolutionNode = FALSE
	EndGlobalSection
	GlobalSection(ExtensibilityGlobals) = postSolution
		SolutionGuid = {A012FE94-2F49-44FE-A78F-361E2EA0EC08}
	EndGlobalSection
EndGlobal
